
Microsoft Visual Studio Solution File, Format Version 12.00
# Visual Studio Version 16
VisualStudioVersion = 16.0.30621.155
MinimumVisualStudioVersion = 10.0.40219.1
Project("{9A19103F-16F7-4668-BE54-9A1E7A4F7556}") = "Parkner.Api", "Parkner.Api\Parkner.Api.csproj", "{5680B7D0-F5A3-4E80-9C8F-4D089029FAE9}"
EndProject
Project("{9A19103F-16F7-4668-BE54-9A1E7A4F7556}") = "Parkner.Web", "Parkner.Web\Parkner.Web.csproj", "{82DDA76C-E6BE-44A2-BE0D-516A0567EB44}"
EndProject
Project("{9A19103F-16F7-4668-BE54-9A1E7A4F7556}") = "Parkner.Data", "Parkner.Data\Parkner.Data.csproj", "{7BBF341C-E548-4858-A2D2-8AAB2CAEB10E}"
EndProject
Project("{9A19103F-16F7-4668-BE54-9A1E7A4F7556}") = "Parkner.Core", "Parkner.Core\Parkner.Core.csproj", "{F144EB0C-B8A9-446B-BE35-A695C2C224E3}"
EndProject
Project("{FAE04EC0-301F-11D3-BF4B-00C04F79EFBC}") = "Parkner.Mobile.UWP", "Parkner.Mobile\Parkner.Mobile.UWP\Parkner.Mobile.UWP.csproj", "{44EFDBFF-B461-4357-8ECF-B1CD4B01FE41}"
EndProject
Project("{FAE04EC0-301F-11D3-BF4B-00C04F79EFBC}") = "Parkner.Mobile.Android", "Parkner.Mobile\Parkner.Mobile.Android\Parkner.Mobile.Android.csproj", "{52705BF9-1298-42A6-94EF-203E706153F3}"
EndProject
Project("{FAE04EC0-301F-11D3-BF4B-00C04F79EFBC}") = "Parkner.Mobile.iOS", "Parkner.Mobile\Parkner.Mobile.iOS\Parkner.Mobile.iOS.csproj", "{74EE0C82-6D22-439F-9060-27AFBD88E23B}"
EndProject
Project("{9A19103F-16F7-4668-BE54-9A1E7A4F7556}") = "Parkner.Mobile", "Parkner.Mobile\Parkner.Mobile\Parkner.Mobile.csproj", "{6BEF9E33-BA27-4CCB-BD3D-A9C71D0C58F2}"
EndProject
Global
	GlobalSection(SolutionConfigurationPlatforms) = preSolution
		Ad-Hoc|Any CPU = Ad-Hoc|Any CPU
		Ad-Hoc|ARM = Ad-Hoc|ARM
		Ad-Hoc|iPhone = Ad-Hoc|iPhone
		Ad-Hoc|iPhoneSimulator = Ad-Hoc|iPhoneSimulator
		Ad-Hoc|x64 = Ad-Hoc|x64
		Ad-Hoc|x86 = Ad-Hoc|x86
		AppStore|Any CPU = AppStore|Any CPU
		AppStore|ARM = AppStore|ARM
		AppStore|iPhone = AppStore|iPhone
		AppStore|iPhoneSimulator = AppStore|iPhoneSimulator
		AppStore|x64 = AppStore|x64
		AppStore|x86 = AppStore|x86
		Debug|Any CPU = Debug|Any CPU
		Debug|ARM = Debug|ARM
		Debug|iPhone = Debug|iPhone
		Debug|iPhoneSimulator = Debug|iPhoneSimulator
		Debug|x64 = Debug|x64
		Debug|x86 = Debug|x86
		Release|Any CPU = Release|Any CPU
		Release|ARM = Release|ARM
		Release|iPhone = Release|iPhone
		Release|iPhoneSimulator = Release|iPhoneSimulator
		Release|x64 = Release|x64
		Release|x86 = Release|x86
	EndGlobalSection
	GlobalSection(ProjectConfigurationPlatforms) = postSolution
		{5680B7D0-F5A3-4E80-9C8F-4D089029FAE9}.Ad-Hoc|Any CPU.ActiveCfg = Debug|Any CPU
		{5680B7D0-F5A3-4E80-9C8F-4D089029FAE9}.Ad-Hoc|Any CPU.Build.0 = Debug|Any CPU
		{5680B7D0-F5A3-4E80-9C8F-4D089029FAE9}.Ad-Hoc|ARM.ActiveCfg = Debug|Any CPU
		{5680B7D0-F5A3-4E80-9C8F-4D089029FAE9}.Ad-Hoc|ARM.Build.0 = Debug|Any CPU
		{5680B7D0-F5A3-4E80-9C8F-4D089029FAE9}.Ad-Hoc|iPhone.ActiveCfg = Debug|Any CPU
		{5680B7D0-F5A3-4E80-9C8F-4D089029FAE9}.Ad-Hoc|iPhone.Build.0 = Debug|Any CPU
		{5680B7D0-F5A3-4E80-9C8F-4D089029FAE9}.Ad-Hoc|iPhoneSimulator.ActiveCfg = Debug|Any CPU
		{5680B7D0-F5A3-4E80-9C8F-4D089029FAE9}.Ad-Hoc|iPhoneSimulator.Build.0 = Debug|Any CPU
		{5680B7D0-F5A3-4E80-9C8F-4D089029FAE9}.Ad-Hoc|x64.ActiveCfg = Debug|Any CPU
		{5680B7D0-F5A3-4E80-9C8F-4D089029FAE9}.Ad-Hoc|x64.Build.0 = Debug|Any CPU
		{5680B7D0-F5A3-4E80-9C8F-4D089029FAE9}.Ad-Hoc|x86.ActiveCfg = Debug|Any CPU
		{5680B7D0-F5A3-4E80-9C8F-4D089029FAE9}.Ad-Hoc|x86.Build.0 = Debug|Any CPU
		{5680B7D0-F5A3-4E80-9C8F-4D089029FAE9}.AppStore|Any CPU.ActiveCfg = Debug|Any CPU
		{5680B7D0-F5A3-4E80-9C8F-4D089029FAE9}.AppStore|Any CPU.Build.0 = Debug|Any CPU
		{5680B7D0-F5A3-4E80-9C8F-4D089029FAE9}.AppStore|ARM.ActiveCfg = Debug|Any CPU
		{5680B7D0-F5A3-4E80-9C8F-4D089029FAE9}.AppStore|ARM.Build.0 = Debug|Any CPU
		{5680B7D0-F5A3-4E80-9C8F-4D089029FAE9}.AppStore|iPhone.ActiveCfg = Debug|Any CPU
		{5680B7D0-F5A3-4E80-9C8F-4D089029FAE9}.AppStore|iPhone.Build.0 = Debug|Any CPU
		{5680B7D0-F5A3-4E80-9C8F-4D089029FAE9}.AppStore|iPhoneSimulator.ActiveCfg = Debug|Any CPU
		{5680B7D0-F5A3-4E80-9C8F-4D089029FAE9}.AppStore|iPhoneSimulator.Build.0 = Debug|Any CPU
		{5680B7D0-F5A3-4E80-9C8F-4D089029FAE9}.AppStore|x64.ActiveCfg = Debug|Any CPU
		{5680B7D0-F5A3-4E80-9C8F-4D089029FAE9}.AppStore|x64.Build.0 = Debug|Any CPU
		{5680B7D0-F5A3-4E80-9C8F-4D089029FAE9}.AppStore|x86.ActiveCfg = Debug|Any CPU
		{5680B7D0-F5A3-4E80-9C8F-4D089029FAE9}.AppStore|x86.Build.0 = Debug|Any CPU
		{5680B7D0-F5A3-4E80-9C8F-4D089029FAE9}.Debug|Any CPU.ActiveCfg = Debug|Any CPU
		{5680B7D0-F5A3-4E80-9C8F-4D089029FAE9}.Debug|Any CPU.Build.0 = Debug|Any CPU
		{5680B7D0-F5A3-4E80-9C8F-4D089029FAE9}.Debug|ARM.ActiveCfg = Debug|Any CPU
		{5680B7D0-F5A3-4E80-9C8F-4D089029FAE9}.Debug|ARM.Build.0 = Debug|Any CPU
		{5680B7D0-F5A3-4E80-9C8F-4D089029FAE9}.Debug|iPhone.ActiveCfg = Debug|Any CPU
		{5680B7D0-F5A3-4E80-9C8F-4D089029FAE9}.Debug|iPhone.Build.0 = Debug|Any CPU
		{5680B7D0-F5A3-4E80-9C8F-4D089029FAE9}.Debug|iPhoneSimulator.ActiveCfg = Debug|Any CPU
		{5680B7D0-F5A3-4E80-9C8F-4D089029FAE9}.Debug|iPhoneSimulator.Build.0 = Debug|Any CPU
		{5680B7D0-F5A3-4E80-9C8F-4D089029FAE9}.Debug|x64.ActiveCfg = Debug|Any CPU
		{5680B7D0-F5A3-4E80-9C8F-4D089029FAE9}.Debug|x64.Build.0 = Debug|Any CPU
		{5680B7D0-F5A3-4E80-9C8F-4D089029FAE9}.Debug|x86.ActiveCfg = Debug|Any CPU
		{5680B7D0-F5A3-4E80-9C8F-4D089029FAE9}.Debug|x86.Build.0 = Debug|Any CPU
		{5680B7D0-F5A3-4E80-9C8F-4D089029FAE9}.Release|Any CPU.ActiveCfg = Release|Any CPU
		{5680B7D0-F5A3-4E80-9C8F-4D089029FAE9}.Release|Any CPU.Build.0 = Release|Any CPU
		{5680B7D0-F5A3-4E80-9C8F-4D089029FAE9}.Release|ARM.ActiveCfg = Release|Any CPU
		{5680B7D0-F5A3-4E80-9C8F-4D089029FAE9}.Release|ARM.Build.0 = Release|Any CPU
		{5680B7D0-F5A3-4E80-9C8F-4D089029FAE9}.Release|iPhone.ActiveCfg = Release|Any CPU
		{5680B7D0-F5A3-4E80-9C8F-4D089029FAE9}.Release|iPhone.Build.0 = Release|Any CPU
		{5680B7D0-F5A3-4E80-9C8F-4D089029FAE9}.Release|iPhoneSimulator.ActiveCfg = Release|Any CPU
		{5680B7D0-F5A3-4E80-9C8F-4D089029FAE9}.Release|iPhoneSimulator.Build.0 = Release|Any CPU
		{5680B7D0-F5A3-4E80-9C8F-4D089029FAE9}.Release|x64.ActiveCfg = Release|Any CPU
		{5680B7D0-F5A3-4E80-9C8F-4D089029FAE9}.Release|x64.Build.0 = Release|Any CPU
		{5680B7D0-F5A3-4E80-9C8F-4D089029FAE9}.Release|x86.ActiveCfg = Release|Any CPU
		{5680B7D0-F5A3-4E80-9C8F-4D089029FAE9}.Release|x86.Build.0 = Release|Any CPU
		{82DDA76C-E6BE-44A2-BE0D-516A0567EB44}.Ad-Hoc|Any CPU.ActiveCfg = Debug|Any CPU
		{82DDA76C-E6BE-44A2-BE0D-516A0567EB44}.Ad-Hoc|Any CPU.Build.0 = Debug|Any CPU
		{82DDA76C-E6BE-44A2-BE0D-516A0567EB44}.Ad-Hoc|ARM.ActiveCfg = Debug|Any CPU
		{82DDA76C-E6BE-44A2-BE0D-516A0567EB44}.Ad-Hoc|ARM.Build.0 = Debug|Any CPU
		{82DDA76C-E6BE-44A2-BE0D-516A0567EB44}.Ad-Hoc|iPhone.ActiveCfg = Debug|Any CPU
		{82DDA76C-E6BE-44A2-BE0D-516A0567EB44}.Ad-Hoc|iPhone.Build.0 = Debug|Any CPU
		{82DDA76C-E6BE-44A2-BE0D-516A0567EB44}.Ad-Hoc|iPhoneSimulator.ActiveCfg = Debug|Any CPU
		{82DDA76C-E6BE-44A2-BE0D-516A0567EB44}.Ad-Hoc|iPhoneSimulator.Build.0 = Debug|Any CPU
		{82DDA76C-E6BE-44A2-BE0D-516A0567EB44}.Ad-Hoc|x64.ActiveCfg = Debug|Any CPU
		{82DDA76C-E6BE-44A2-BE0D-516A0567EB44}.Ad-Hoc|x64.Build.0 = Debug|Any CPU
		{82DDA76C-E6BE-44A2-BE0D-516A0567EB44}.Ad-Hoc|x86.ActiveCfg = Debug|Any CPU
		{82DDA76C-E6BE-44A2-BE0D-516A0567EB44}.Ad-Hoc|x86.Build.0 = Debug|Any CPU
		{82DDA76C-E6BE-44A2-BE0D-516A0567EB44}.AppStore|Any CPU.ActiveCfg = Debug|Any CPU
		{82DDA76C-E6BE-44A2-BE0D-516A0567EB44}.AppStore|Any CPU.Build.0 = Debug|Any CPU
		{82DDA76C-E6BE-44A2-BE0D-516A0567EB44}.AppStore|ARM.ActiveCfg = Debug|Any CPU
		{82DDA76C-E6BE-44A2-BE0D-516A0567EB44}.AppStore|ARM.Build.0 = Debug|Any CPU
		{82DDA76C-E6BE-44A2-BE0D-516A0567EB44}.AppStore|iPhone.ActiveCfg = Debug|Any CPU
		{82DDA76C-E6BE-44A2-BE0D-516A0567EB44}.AppStore|iPhone.Build.0 = Debug|Any CPU
		{82DDA76C-E6BE-44A2-BE0D-516A0567EB44}.AppStore|iPhoneSimulator.ActiveCfg = Debug|Any CPU
		{82DDA76C-E6BE-44A2-BE0D-516A0567EB44}.AppStore|iPhoneSimulator.Build.0 = Debug|Any CPU
		{82DDA76C-E6BE-44A2-BE0D-516A0567EB44}.AppStore|x64.ActiveCfg = Debug|Any CPU
		{82DDA76C-E6BE-44A2-BE0D-516A0567EB44}.AppStore|x64.Build.0 = Debug|Any CPU
		{82DDA76C-E6BE-44A2-BE0D-516A0567EB44}.AppStore|x86.ActiveCfg = Debug|Any CPU
		{82DDA76C-E6BE-44A2-BE0D-516A0567EB44}.AppStore|x86.Build.0 = Debug|Any CPU
		{82DDA76C-E6BE-44A2-BE0D-516A0567EB44}.Debug|Any CPU.ActiveCfg = Debug|Any CPU
		{82DDA76C-E6BE-44A2-BE0D-516A0567EB44}.Debug|Any CPU.Build.0 = Debug|Any CPU
		{82DDA76C-E6BE-44A2-BE0D-516A0567EB44}.Debug|ARM.ActiveCfg = Debug|Any CPU
		{82DDA76C-E6BE-44A2-BE0D-516A0567EB44}.Debug|ARM.Build.0 = Debug|Any CPU
		{82DDA76C-E6BE-44A2-BE0D-516A0567EB44}.Debug|iPhone.ActiveCfg = Debug|Any CPU
		{82DDA76C-E6BE-44A2-BE0D-516A0567EB44}.Debug|iPhone.Build.0 = Debug|Any CPU
		{82DDA76C-E6BE-44A2-BE0D-516A0567EB44}.Debug|iPhoneSimulator.ActiveCfg = Debug|Any CPU
		{82DDA76C-E6BE-44A2-BE0D-516A0567EB44}.Debug|iPhoneSimulator.Build.0 = Debug|Any CPU
		{82DDA76C-E6BE-44A2-BE0D-516A0567EB44}.Debug|x64.ActiveCfg = Debug|Any CPU
		{82DDA76C-E6BE-44A2-BE0D-516A0567EB44}.Debug|x64.Build.0 = Debug|Any CPU
		{82DDA76C-E6BE-44A2-BE0D-516A0567EB44}.Debug|x86.ActiveCfg = Debug|Any CPU
		{82DDA76C-E6BE-44A2-BE0D-516A0567EB44}.Debug|x86.Build.0 = Debug|Any CPU
		{82DDA76C-E6BE-44A2-BE0D-516A0567EB44}.Release|Any CPU.ActiveCfg = Release|Any CPU
		{82DDA76C-E6BE-44A2-BE0D-516A0567EB44}.Release|Any CPU.Build.0 = Release|Any CPU
		{82DDA76C-E6BE-44A2-BE0D-516A0567EB44}.Release|ARM.ActiveCfg = Release|Any CPU
		{82DDA76C-E6BE-44A2-BE0D-516A0567EB44}.Release|ARM.Build.0 = Release|Any CPU
		{82DDA76C-E6BE-44A2-BE0D-516A0567EB44}.Release|iPhone.ActiveCfg = Release|Any CPU
		{82DDA76C-E6BE-44A2-BE0D-516A0567EB44}.Release|iPhone.Build.0 = Release|Any CPU
		{82DDA76C-E6BE-44A2-BE0D-516A0567EB44}.Release|iPhoneSimulator.ActiveCfg = Release|Any CPU
		{82DDA76C-E6BE-44A2-BE0D-516A0567EB44}.Release|iPhoneSimulator.Build.0 = Release|Any CPU
		{82DDA76C-E6BE-44A2-BE0D-516A0567EB44}.Release|x64.ActiveCfg = Release|Any CPU
		{82DDA76C-E6BE-44A2-BE0D-516A0567EB44}.Release|x64.Build.0 = Release|Any CPU
		{82DDA76C-E6BE-44A2-BE0D-516A0567EB44}.Release|x86.ActiveCfg = Release|Any CPU
		{82DDA76C-E6BE-44A2-BE0D-516A0567EB44}.Release|x86.Build.0 = Release|Any CPU
		{7BBF341C-E548-4858-A2D2-8AAB2CAEB10E}.Ad-Hoc|Any CPU.ActiveCfg = Debug|Any CPU
		{7BBF341C-E548-4858-A2D2-8AAB2CAEB10E}.Ad-Hoc|Any CPU.Build.0 = Debug|Any CPU
		{7BBF341C-E548-4858-A2D2-8AAB2CAEB10E}.Ad-Hoc|ARM.ActiveCfg = Debug|Any CPU
		{7BBF341C-E548-4858-A2D2-8AAB2CAEB10E}.Ad-Hoc|ARM.Build.0 = Debug|Any CPU
		{7BBF341C-E548-4858-A2D2-8AAB2CAEB10E}.Ad-Hoc|iPhone.ActiveCfg = Debug|Any CPU
		{7BBF341C-E548-4858-A2D2-8AAB2CAEB10E}.Ad-Hoc|iPhone.Build.0 = Debug|Any CPU
		{7BBF341C-E548-4858-A2D2-8AAB2CAEB10E}.Ad-Hoc|iPhoneSimulator.ActiveCfg = Debug|Any CPU
		{7BBF341C-E548-4858-A2D2-8AAB2CAEB10E}.Ad-Hoc|iPhoneSimulator.Build.0 = Debug|Any CPU
		{7BBF341C-E548-4858-A2D2-8AAB2CAEB10E}.Ad-Hoc|x64.ActiveCfg = Debug|Any CPU
		{7BBF341C-E548-4858-A2D2-8AAB2CAEB10E}.Ad-Hoc|x64.Build.0 = Debug|Any CPU
		{7BBF341C-E548-4858-A2D2-8AAB2CAEB10E}.Ad-Hoc|x86.ActiveCfg = Debug|Any CPU
		{7BBF341C-E548-4858-A2D2-8AAB2CAEB10E}.Ad-Hoc|x86.Build.0 = Debug|Any CPU
		{7BBF341C-E548-4858-A2D2-8AAB2CAEB10E}.AppStore|Any CPU.ActiveCfg = Debug|Any CPU
		{7BBF341C-E548-4858-A2D2-8AAB2CAEB10E}.AppStore|Any CPU.Build.0 = Debug|Any CPU
		{7BBF341C-E548-4858-A2D2-8AAB2CAEB10E}.AppStore|ARM.ActiveCfg = Debug|Any CPU
		{7BBF341C-E548-4858-A2D2-8AAB2CAEB10E}.AppStore|ARM.Build.0 = Debug|Any CPU
		{7BBF341C-E548-4858-A2D2-8AAB2CAEB10E}.AppStore|iPhone.ActiveCfg = Debug|Any CPU
		{7BBF341C-E548-4858-A2D2-8AAB2CAEB10E}.AppStore|iPhone.Build.0 = Debug|Any CPU
		{7BBF341C-E548-4858-A2D2-8AAB2CAEB10E}.AppStore|iPhoneSimulator.ActiveCfg = Debug|Any CPU
		{7BBF341C-E548-4858-A2D2-8AAB2CAEB10E}.AppStore|iPhoneSimulator.Build.0 = Debug|Any CPU
		{7BBF341C-E548-4858-A2D2-8AAB2CAEB10E}.AppStore|x64.ActiveCfg = Debug|Any CPU
		{7BBF341C-E548-4858-A2D2-8AAB2CAEB10E}.AppStore|x64.Build.0 = Debug|Any CPU
		{7BBF341C-E548-4858-A2D2-8AAB2CAEB10E}.AppStore|x86.ActiveCfg = Debug|Any CPU
		{7BBF341C-E548-4858-A2D2-8AAB2CAEB10E}.AppStore|x86.Build.0 = Debug|Any CPU
		{7BBF341C-E548-4858-A2D2-8AAB2CAEB10E}.Debug|Any CPU.ActiveCfg = Debug|Any CPU
		{7BBF341C-E548-4858-A2D2-8AAB2CAEB10E}.Debug|Any CPU.Build.0 = Debug|Any CPU
		{7BBF341C-E548-4858-A2D2-8AAB2CAEB10E}.Debug|ARM.ActiveCfg = Debug|Any CPU
		{7BBF341C-E548-4858-A2D2-8AAB2CAEB10E}.Debug|ARM.Build.0 = Debug|Any CPU
		{7BBF341C-E548-4858-A2D2-8AAB2CAEB10E}.Debug|iPhone.ActiveCfg = Debug|Any CPU
		{7BBF341C-E548-4858-A2D2-8AAB2CAEB10E}.Debug|iPhone.Build.0 = Debug|Any CPU
		{7BBF341C-E548-4858-A2D2-8AAB2CAEB10E}.Debug|iPhoneSimulator.ActiveCfg = Debug|Any CPU
		{7BBF341C-E548-4858-A2D2-8AAB2CAEB10E}.Debug|iPhoneSimulator.Build.0 = Debug|Any CPU
		{7BBF341C-E548-4858-A2D2-8AAB2CAEB10E}.Debug|x64.ActiveCfg = Debug|Any CPU
		{7BBF341C-E548-4858-A2D2-8AAB2CAEB10E}.Debug|x64.Build.0 = Debug|Any CPU
		{7BBF341C-E548-4858-A2D2-8AAB2CAEB10E}.Debug|x86.ActiveCfg = Debug|Any CPU
		{7BBF341C-E548-4858-A2D2-8AAB2CAEB10E}.Debug|x86.Build.0 = Debug|Any CPU
		{7BBF341C-E548-4858-A2D2-8AAB2CAEB10E}.Release|Any CPU.ActiveCfg = Release|Any CPU
		{7BBF341C-E548-4858-A2D2-8AAB2CAEB10E}.Release|Any CPU.Build.0 = Release|Any CPU
		{7BBF341C-E548-4858-A2D2-8AAB2CAEB10E}.Release|ARM.ActiveCfg = Release|Any CPU
		{7BBF341C-E548-4858-A2D2-8AAB2CAEB10E}.Release|ARM.Build.0 = Release|Any CPU
		{7BBF341C-E548-4858-A2D2-8AAB2CAEB10E}.Release|iPhone.ActiveCfg = Release|Any CPU
		{7BBF341C-E548-4858-A2D2-8AAB2CAEB10E}.Release|iPhone.Build.0 = Release|Any CPU
		{7BBF341C-E548-4858-A2D2-8AAB2CAEB10E}.Release|iPhoneSimulator.ActiveCfg = Release|Any CPU
		{7BBF341C-E548-4858-A2D2-8AAB2CAEB10E}.Release|iPhoneSimulator.Build.0 = Release|Any CPU
		{7BBF341C-E548-4858-A2D2-8AAB2CAEB10E}.Release|x64.ActiveCfg = Release|Any CPU
		{7BBF341C-E548-4858-A2D2-8AAB2CAEB10E}.Release|x64.Build.0 = Release|Any CPU
		{7BBF341C-E548-4858-A2D2-8AAB2CAEB10E}.Release|x86.ActiveCfg = Release|Any CPU
		{7BBF341C-E548-4858-A2D2-8AAB2CAEB10E}.Release|x86.Build.0 = Release|Any CPU
		{F144EB0C-B8A9-446B-BE35-A695C2C224E3}.Ad-Hoc|Any CPU.ActiveCfg = Debug|Any CPU
		{F144EB0C-B8A9-446B-BE35-A695C2C224E3}.Ad-Hoc|Any CPU.Build.0 = Debug|Any CPU
		{F144EB0C-B8A9-446B-BE35-A695C2C224E3}.Ad-Hoc|ARM.ActiveCfg = Debug|Any CPU
		{F144EB0C-B8A9-446B-BE35-A695C2C224E3}.Ad-Hoc|ARM.Build.0 = Debug|Any CPU
		{F144EB0C-B8A9-446B-BE35-A695C2C224E3}.Ad-Hoc|iPhone.ActiveCfg = Debug|Any CPU
		{F144EB0C-B8A9-446B-BE35-A695C2C224E3}.Ad-Hoc|iPhone.Build.0 = Debug|Any CPU
		{F144EB0C-B8A9-446B-BE35-A695C2C224E3}.Ad-Hoc|iPhoneSimulator.ActiveCfg = Debug|Any CPU
		{F144EB0C-B8A9-446B-BE35-A695C2C224E3}.Ad-Hoc|iPhoneSimulator.Build.0 = Debug|Any CPU
		{F144EB0C-B8A9-446B-BE35-A695C2C224E3}.Ad-Hoc|x64.ActiveCfg = Debug|Any CPU
		{F144EB0C-B8A9-446B-BE35-A695C2C224E3}.Ad-Hoc|x64.Build.0 = Debug|Any CPU
		{F144EB0C-B8A9-446B-BE35-A695C2C224E3}.Ad-Hoc|x86.ActiveCfg = Debug|Any CPU
		{F144EB0C-B8A9-446B-BE35-A695C2C224E3}.Ad-Hoc|x86.Build.0 = Debug|Any CPU
		{F144EB0C-B8A9-446B-BE35-A695C2C224E3}.AppStore|Any CPU.ActiveCfg = Debug|Any CPU
		{F144EB0C-B8A9-446B-BE35-A695C2C224E3}.AppStore|Any CPU.Build.0 = Debug|Any CPU
		{F144EB0C-B8A9-446B-BE35-A695C2C224E3}.AppStore|ARM.ActiveCfg = Debug|Any CPU
		{F144EB0C-B8A9-446B-BE35-A695C2C224E3}.AppStore|ARM.Build.0 = Debug|Any CPU
		{F144EB0C-B8A9-446B-BE35-A695C2C224E3}.AppStore|iPhone.ActiveCfg = Debug|Any CPU
		{F144EB0C-B8A9-446B-BE35-A695C2C224E3}.AppStore|iPhone.Build.0 = Debug|Any CPU
		{F144EB0C-B8A9-446B-BE35-A695C2C224E3}.AppStore|iPhoneSimulator.ActiveCfg = Debug|Any CPU
		{F144EB0C-B8A9-446B-BE35-A695C2C224E3}.AppStore|iPhoneSimulator.Build.0 = Debug|Any CPU
		{F144EB0C-B8A9-446B-BE35-A695C2C224E3}.AppStore|x64.ActiveCfg = Debug|Any CPU
		{F144EB0C-B8A9-446B-BE35-A695C2C224E3}.AppStore|x64.Build.0 = Debug|Any CPU
		{F144EB0C-B8A9-446B-BE35-A695C2C224E3}.AppStore|x86.ActiveCfg = Debug|Any CPU
		{F144EB0C-B8A9-446B-BE35-A695C2C224E3}.AppStore|x86.Build.0 = Debug|Any CPU
		{F144EB0C-B8A9-446B-BE35-A695C2C224E3}.Debug|Any CPU.ActiveCfg = Debug|Any CPU
		{F144EB0C-B8A9-446B-BE35-A695C2C224E3}.Debug|Any CPU.Build.0 = Debug|Any CPU
		{F144EB0C-B8A9-446B-BE35-A695C2C224E3}.Debug|ARM.ActiveCfg = Debug|Any CPU
		{F144EB0C-B8A9-446B-BE35-A695C2C224E3}.Debug|ARM.Build.0 = Debug|Any CPU
		{F144EB0C-B8A9-446B-BE35-A695C2C224E3}.Debug|iPhone.ActiveCfg = Debug|Any CPU
		{F144EB0C-B8A9-446B-BE35-A695C2C224E3}.Debug|iPhone.Build.0 = Debug|Any CPU
		{F144EB0C-B8A9-446B-BE35-A695C2C224E3}.Debug|iPhoneSimulator.ActiveCfg = Debug|Any CPU
		{F144EB0C-B8A9-446B-BE35-A695C2C224E3}.Debug|iPhoneSimulator.Build.0 = Debug|Any CPU
		{F144EB0C-B8A9-446B-BE35-A695C2C224E3}.Debug|x64.ActiveCfg = Debug|Any CPU
		{F144EB0C-B8A9-446B-BE35-A695C2C224E3}.Debug|x64.Build.0 = Debug|Any CPU
		{F144EB0C-B8A9-446B-BE35-A695C2C224E3}.Debug|x86.ActiveCfg = Debug|Any CPU
		{F144EB0C-B8A9-446B-BE35-A695C2C224E3}.Debug|x86.Build.0 = Debug|Any CPU
		{F144EB0C-B8A9-446B-BE35-A695C2C224E3}.Release|Any CPU.ActiveCfg = Release|Any CPU
		{F144EB0C-B8A9-446B-BE35-A695C2C224E3}.Release|Any CPU.Build.0 = Release|Any CPU
		{F144EB0C-B8A9-446B-BE35-A695C2C224E3}.Release|ARM.ActiveCfg = Release|Any CPU
		{F144EB0C-B8A9-446B-BE35-A695C2C224E3}.Release|ARM.Build.0 = Release|Any CPU
		{F144EB0C-B8A9-446B-BE35-A695C2C224E3}.Release|iPhone.ActiveCfg = Release|Any CPU
		{F144EB0C-B8A9-446B-BE35-A695C2C224E3}.Release|iPhone.Build.0 = Release|Any CPU
		{F144EB0C-B8A9-446B-BE35-A695C2C224E3}.Release|iPhoneSimulator.ActiveCfg = Release|Any CPU
		{F144EB0C-B8A9-446B-BE35-A695C2C224E3}.Release|iPhoneSimulator.Build.0 = Release|Any CPU
		{F144EB0C-B8A9-446B-BE35-A695C2C224E3}.Release|x64.ActiveCfg = Release|Any CPU
		{F144EB0C-B8A9-446B-BE35-A695C2C224E3}.Release|x64.Build.0 = Release|Any CPU
		{F144EB0C-B8A9-446B-BE35-A695C2C224E3}.Release|x86.ActiveCfg = Release|Any CPU
		{F144EB0C-B8A9-446B-BE35-A695C2C224E3}.Release|x86.Build.0 = Release|Any CPU
		{44EFDBFF-B461-4357-8ECF-B1CD4B01FE41}.Ad-Hoc|Any CPU.ActiveCfg = Release|x64
		{44EFDBFF-B461-4357-8ECF-B1CD4B01FE41}.Ad-Hoc|Any CPU.Build.0 = Release|x64
		{44EFDBFF-B461-4357-8ECF-B1CD4B01FE41}.Ad-Hoc|Any CPU.Deploy.0 = Release|x64
		{44EFDBFF-B461-4357-8ECF-B1CD4B01FE41}.Ad-Hoc|ARM.ActiveCfg = Release|ARM
		{44EFDBFF-B461-4357-8ECF-B1CD4B01FE41}.Ad-Hoc|ARM.Build.0 = Release|ARM
		{44EFDBFF-B461-4357-8ECF-B1CD4B01FE41}.Ad-Hoc|ARM.Deploy.0 = Release|ARM
		{44EFDBFF-B461-4357-8ECF-B1CD4B01FE41}.Ad-Hoc|iPhone.ActiveCfg = Release|x64
		{44EFDBFF-B461-4357-8ECF-B1CD4B01FE41}.Ad-Hoc|iPhone.Build.0 = Release|x64
		{44EFDBFF-B461-4357-8ECF-B1CD4B01FE41}.Ad-Hoc|iPhone.Deploy.0 = Release|x64
		{44EFDBFF-B461-4357-8ECF-B1CD4B01FE41}.Ad-Hoc|iPhoneSimulator.ActiveCfg = Release|x64
		{44EFDBFF-B461-4357-8ECF-B1CD4B01FE41}.Ad-Hoc|iPhoneSimulator.Build.0 = Release|x64
		{44EFDBFF-B461-4357-8ECF-B1CD4B01FE41}.Ad-Hoc|iPhoneSimulator.Deploy.0 = Release|x64
		{44EFDBFF-B461-4357-8ECF-B1CD4B01FE41}.Ad-Hoc|x64.ActiveCfg = Release|x64
		{44EFDBFF-B461-4357-8ECF-B1CD4B01FE41}.Ad-Hoc|x64.Build.0 = Release|x64
		{44EFDBFF-B461-4357-8ECF-B1CD4B01FE41}.Ad-Hoc|x64.Deploy.0 = Release|x64
		{44EFDBFF-B461-4357-8ECF-B1CD4B01FE41}.Ad-Hoc|x86.ActiveCfg = Release|x86
		{44EFDBFF-B461-4357-8ECF-B1CD4B01FE41}.Ad-Hoc|x86.Build.0 = Release|x86
		{44EFDBFF-B461-4357-8ECF-B1CD4B01FE41}.Ad-Hoc|x86.Deploy.0 = Release|x86
		{44EFDBFF-B461-4357-8ECF-B1CD4B01FE41}.AppStore|Any CPU.ActiveCfg = Release|x64
		{44EFDBFF-B461-4357-8ECF-B1CD4B01FE41}.AppStore|Any CPU.Build.0 = Release|x64
		{44EFDBFF-B461-4357-8ECF-B1CD4B01FE41}.AppStore|Any CPU.Deploy.0 = Release|x64
		{44EFDBFF-B461-4357-8ECF-B1CD4B01FE41}.AppStore|ARM.ActiveCfg = Release|ARM
		{44EFDBFF-B461-4357-8ECF-B1CD4B01FE41}.AppStore|ARM.Build.0 = Release|ARM
		{44EFDBFF-B461-4357-8ECF-B1CD4B01FE41}.AppStore|ARM.Deploy.0 = Release|ARM
		{44EFDBFF-B461-4357-8ECF-B1CD4B01FE41}.AppStore|iPhone.ActiveCfg = Release|x64
		{44EFDBFF-B461-4357-8ECF-B1CD4B01FE41}.AppStore|iPhone.Build.0 = Release|x64
		{44EFDBFF-B461-4357-8ECF-B1CD4B01FE41}.AppStore|iPhone.Deploy.0 = Release|x64
		{44EFDBFF-B461-4357-8ECF-B1CD4B01FE41}.AppStore|iPhoneSimulator.ActiveCfg = Release|x64
		{44EFDBFF-B461-4357-8ECF-B1CD4B01FE41}.AppStore|iPhoneSimulator.Build.0 = Release|x64
		{44EFDBFF-B461-4357-8ECF-B1CD4B01FE41}.AppStore|iPhoneSimulator.Deploy.0 = Release|x64
		{44EFDBFF-B461-4357-8ECF-B1CD4B01FE41}.AppStore|x64.ActiveCfg = Release|x64
		{44EFDBFF-B461-4357-8ECF-B1CD4B01FE41}.AppStore|x64.Build.0 = Release|x64
		{44EFDBFF-B461-4357-8ECF-B1CD4B01FE41}.AppStore|x64.Deploy.0 = Release|x64
		{44EFDBFF-B461-4357-8ECF-B1CD4B01FE41}.AppStore|x86.ActiveCfg = Release|x86
		{44EFDBFF-B461-4357-8ECF-B1CD4B01FE41}.AppStore|x86.Build.0 = Release|x86
		{44EFDBFF-B461-4357-8ECF-B1CD4B01FE41}.AppStore|x86.Deploy.0 = Release|x86
		{44EFDBFF-B461-4357-8ECF-B1CD4B01FE41}.Debug|Any CPU.ActiveCfg = Debug|x86
		{44EFDBFF-B461-4357-8ECF-B1CD4B01FE41}.Debug|ARM.ActiveCfg = Debug|ARM
		{44EFDBFF-B461-4357-8ECF-B1CD4B01FE41}.Debug|ARM.Build.0 = Debug|ARM
		{44EFDBFF-B461-4357-8ECF-B1CD4B01FE41}.Debug|ARM.Deploy.0 = Debug|ARM
		{44EFDBFF-B461-4357-8ECF-B1CD4B01FE41}.Debug|iPhone.ActiveCfg = Debug|x86
		{44EFDBFF-B461-4357-8ECF-B1CD4B01FE41}.Debug|iPhoneSimulator.ActiveCfg = Debug|x86
		{44EFDBFF-B461-4357-8ECF-B1CD4B01FE41}.Debug|x64.ActiveCfg = Debug|x64
		{44EFDBFF-B461-4357-8ECF-B1CD4B01FE41}.Debug|x64.Build.0 = Debug|x64
		{44EFDBFF-B461-4357-8ECF-B1CD4B01FE41}.Debug|x64.Deploy.0 = Debug|x64
		{44EFDBFF-B461-4357-8ECF-B1CD4B01FE41}.Debug|x86.ActiveCfg = Debug|x86
		{44EFDBFF-B461-4357-8ECF-B1CD4B01FE41}.Debug|x86.Build.0 = Debug|x86
		{44EFDBFF-B461-4357-8ECF-B1CD4B01FE41}.Debug|x86.Deploy.0 = Debug|x86
		{44EFDBFF-B461-4357-8ECF-B1CD4B01FE41}.Release|Any CPU.ActiveCfg = Release|x86
		{44EFDBFF-B461-4357-8ECF-B1CD4B01FE41}.Release|ARM.ActiveCfg = Release|ARM
		{44EFDBFF-B461-4357-8ECF-B1CD4B01FE41}.Release|ARM.Build.0 = Release|ARM
		{44EFDBFF-B461-4357-8ECF-B1CD4B01FE41}.Release|ARM.Deploy.0 = Release|ARM
		{44EFDBFF-B461-4357-8ECF-B1CD4B01FE41}.Release|iPhone.ActiveCfg = Release|x86
		{44EFDBFF-B461-4357-8ECF-B1CD4B01FE41}.Release|iPhoneSimulator.ActiveCfg = Release|x86
		{44EFDBFF-B461-4357-8ECF-B1CD4B01FE41}.Release|x64.ActiveCfg = Release|x64
		{44EFDBFF-B461-4357-8ECF-B1CD4B01FE41}.Release|x64.Build.0 = Release|x64
		{44EFDBFF-B461-4357-8ECF-B1CD4B01FE41}.Release|x64.Deploy.0 = Release|x64
		{44EFDBFF-B461-4357-8ECF-B1CD4B01FE41}.Release|x86.ActiveCfg = Release|x86
		{44EFDBFF-B461-4357-8ECF-B1CD4B01FE41}.Release|x86.Build.0 = Release|x86
		{44EFDBFF-B461-4357-8ECF-B1CD4B01FE41}.Release|x86.Deploy.0 = Release|x86
		{52705BF9-1298-42A6-94EF-203E706153F3}.Ad-Hoc|Any CPU.ActiveCfg = Release|Any CPU
		{52705BF9-1298-42A6-94EF-203E706153F3}.Ad-Hoc|Any CPU.Build.0 = Release|Any CPU
		{52705BF9-1298-42A6-94EF-203E706153F3}.Ad-Hoc|Any CPU.Deploy.0 = Release|Any CPU
		{52705BF9-1298-42A6-94EF-203E706153F3}.Ad-Hoc|ARM.ActiveCfg = Release|Any CPU
		{52705BF9-1298-42A6-94EF-203E706153F3}.Ad-Hoc|ARM.Build.0 = Release|Any CPU
		{52705BF9-1298-42A6-94EF-203E706153F3}.Ad-Hoc|ARM.Deploy.0 = Release|Any CPU
		{52705BF9-1298-42A6-94EF-203E706153F3}.Ad-Hoc|iPhone.ActiveCfg = Release|Any CPU
		{52705BF9-1298-42A6-94EF-203E706153F3}.Ad-Hoc|iPhone.Build.0 = Release|Any CPU
		{52705BF9-1298-42A6-94EF-203E706153F3}.Ad-Hoc|iPhone.Deploy.0 = Release|Any CPU
		{52705BF9-1298-42A6-94EF-203E706153F3}.Ad-Hoc|iPhoneSimulator.ActiveCfg = Release|Any CPU
		{52705BF9-1298-42A6-94EF-203E706153F3}.Ad-Hoc|iPhoneSimulator.Build.0 = Release|Any CPU
		{52705BF9-1298-42A6-94EF-203E706153F3}.Ad-Hoc|iPhoneSimulator.Deploy.0 = Release|Any CPU
		{52705BF9-1298-42A6-94EF-203E706153F3}.Ad-Hoc|x64.ActiveCfg = Release|Any CPU
		{52705BF9-1298-42A6-94EF-203E706153F3}.Ad-Hoc|x64.Build.0 = Release|Any CPU
		{52705BF9-1298-42A6-94EF-203E706153F3}.Ad-Hoc|x64.Deploy.0 = Release|Any CPU
		{52705BF9-1298-42A6-94EF-203E706153F3}.Ad-Hoc|x86.ActiveCfg = Release|Any CPU
		{52705BF9-1298-42A6-94EF-203E706153F3}.Ad-Hoc|x86.Build.0 = Release|Any CPU
		{52705BF9-1298-42A6-94EF-203E706153F3}.Ad-Hoc|x86.Deploy.0 = Release|Any CPU
		{52705BF9-1298-42A6-94EF-203E706153F3}.AppStore|Any CPU.ActiveCfg = Release|Any CPU
		{52705BF9-1298-42A6-94EF-203E706153F3}.AppStore|Any CPU.Build.0 = Release|Any CPU
		{52705BF9-1298-42A6-94EF-203E706153F3}.AppStore|Any CPU.Deploy.0 = Release|Any CPU
		{52705BF9-1298-42A6-94EF-203E706153F3}.AppStore|ARM.ActiveCfg = Release|Any CPU
		{52705BF9-1298-42A6-94EF-203E706153F3}.AppStore|ARM.Build.0 = Release|Any CPU
		{52705BF9-1298-42A6-94EF-203E706153F3}.AppStore|ARM.Deploy.0 = Release|Any CPU
		{52705BF9-1298-42A6-94EF-203E706153F3}.AppStore|iPhone.ActiveCfg = Release|Any CPU
		{52705BF9-1298-42A6-94EF-203E706153F3}.AppStore|iPhone.Build.0 = Release|Any CPU
		{52705BF9-1298-42A6-94EF-203E706153F3}.AppStore|iPhone.Deploy.0 = Release|Any CPU
		{52705BF9-1298-42A6-94EF-203E706153F3}.AppStore|iPhoneSimulator.ActiveCfg = Release|Any CPU
		{52705BF9-1298-42A6-94EF-203E706153F3}.AppStore|iPhoneSimulator.Build.0 = Release|Any CPU
		{52705BF9-1298-42A6-94EF-203E706153F3}.AppStore|iPhoneSimulator.Deploy.0 = Release|Any CPU
		{52705BF9-1298-42A6-94EF-203E706153F3}.AppStore|x64.ActiveCfg = Release|Any CPU
		{52705BF9-1298-42A6-94EF-203E706153F3}.AppStore|x64.Build.0 = Release|Any CPU
		{52705BF9-1298-42A6-94EF-203E706153F3}.AppStore|x64.Deploy.0 = Release|Any CPU
		{52705BF9-1298-42A6-94EF-203E706153F3}.AppStore|x86.ActiveCfg = Release|Any CPU
		{52705BF9-1298-42A6-94EF-203E706153F3}.AppStore|x86.Build.0 = Release|Any CPU
		{52705BF9-1298-42A6-94EF-203E706153F3}.AppStore|x86.Deploy.0 = Release|Any CPU
		{52705BF9-1298-42A6-94EF-203E706153F3}.Debug|Any CPU.ActiveCfg = Debug|Any CPU
		{52705BF9-1298-42A6-94EF-203E706153F3}.Debug|Any CPU.Build.0 = Debug|Any CPU
		{52705BF9-1298-42A6-94EF-203E706153F3}.Debug|Any CPU.Deploy.0 = Debug|Any CPU
		{52705BF9-1298-42A6-94EF-203E706153F3}.Debug|ARM.ActiveCfg = Debug|Any CPU
		{52705BF9-1298-42A6-94EF-203E706153F3}.Debug|ARM.Build.0 = Debug|Any CPU
		{52705BF9-1298-42A6-94EF-203E706153F3}.Debug|ARM.Deploy.0 = Debug|Any CPU
		{52705BF9-1298-42A6-94EF-203E706153F3}.Debug|iPhone.ActiveCfg = Debug|Any CPU
		{52705BF9-1298-42A6-94EF-203E706153F3}.Debug|iPhone.Build.0 = Debug|Any CPU
		{52705BF9-1298-42A6-94EF-203E706153F3}.Debug|iPhone.Deploy.0 = Debug|Any CPU
		{52705BF9-1298-42A6-94EF-203E706153F3}.Debug|iPhoneSimulator.ActiveCfg = Debug|Any CPU
		{52705BF9-1298-42A6-94EF-203E706153F3}.Debug|iPhoneSimulator.Build.0 = Debug|Any CPU
		{52705BF9-1298-42A6-94EF-203E706153F3}.Debug|iPhoneSimulator.Deploy.0 = Debug|Any CPU
		{52705BF9-1298-42A6-94EF-203E706153F3}.Debug|x64.ActiveCfg = Debug|Any CPU
		{52705BF9-1298-42A6-94EF-203E706153F3}.Debug|x64.Build.0 = Debug|Any CPU
		{52705BF9-1298-42A6-94EF-203E706153F3}.Debug|x64.Deploy.0 = Debug|Any CPU
		{52705BF9-1298-42A6-94EF-203E706153F3}.Debug|x86.ActiveCfg = Debug|Any CPU
		{52705BF9-1298-42A6-94EF-203E706153F3}.Debug|x86.Build.0 = Debug|Any CPU
		{52705BF9-1298-42A6-94EF-203E706153F3}.Debug|x86.Deploy.0 = Debug|Any CPU
		{52705BF9-1298-42A6-94EF-203E706153F3}.Release|Any CPU.ActiveCfg = Release|Any CPU
		{52705BF9-1298-42A6-94EF-203E706153F3}.Release|Any CPU.Build.0 = Release|Any CPU
		{52705BF9-1298-42A6-94EF-203E706153F3}.Release|Any CPU.Deploy.0 = Release|Any CPU
		{52705BF9-1298-42A6-94EF-203E706153F3}.Release|ARM.ActiveCfg = Release|Any CPU
		{52705BF9-1298-42A6-94EF-203E706153F3}.Release|ARM.Build.0 = Release|Any CPU
		{52705BF9-1298-42A6-94EF-203E706153F3}.Release|ARM.Deploy.0 = Release|Any CPU
		{52705BF9-1298-42A6-94EF-203E706153F3}.Release|iPhone.ActiveCfg = Release|Any CPU
		{52705BF9-1298-42A6-94EF-203E706153F3}.Release|iPhone.Build.0 = Release|Any CPU
		{52705BF9-1298-42A6-94EF-203E706153F3}.Release|iPhone.Deploy.0 = Release|Any CPU
		{52705BF9-1298-42A6-94EF-203E706153F3}.Release|iPhoneSimulator.ActiveCfg = Release|Any CPU
		{52705BF9-1298-42A6-94EF-203E706153F3}.Release|iPhoneSimulator.Build.0 = Release|Any CPU
		{52705BF9-1298-42A6-94EF-203E706153F3}.Release|iPhoneSimulator.Deploy.0 = Release|Any CPU
		{52705BF9-1298-42A6-94EF-203E706153F3}.Release|x64.ActiveCfg = Release|Any CPU
		{52705BF9-1298-42A6-94EF-203E706153F3}.Release|x64.Build.0 = Release|Any CPU
		{52705BF9-1298-42A6-94EF-203E706153F3}.Release|x64.Deploy.0 = Release|Any CPU
		{52705BF9-1298-42A6-94EF-203E706153F3}.Release|x86.ActiveCfg = Release|Any CPU
		{52705BF9-1298-42A6-94EF-203E706153F3}.Release|x86.Build.0 = Release|Any CPU
		{52705BF9-1298-42A6-94EF-203E706153F3}.Release|x86.Deploy.0 = Release|Any CPU
		{74EE0C82-6D22-439F-9060-27AFBD88E23B}.Ad-Hoc|Any CPU.ActiveCfg = Release|iPhone
		{74EE0C82-6D22-439F-9060-27AFBD88E23B}.Ad-Hoc|Any CPU.Build.0 = Release|iPhone
		{74EE0C82-6D22-439F-9060-27AFBD88E23B}.Ad-Hoc|ARM.ActiveCfg = Release|iPhone
		{74EE0C82-6D22-439F-9060-27AFBD88E23B}.Ad-Hoc|ARM.Build.0 = Release|iPhone
		{74EE0C82-6D22-439F-9060-27AFBD88E23B}.Ad-Hoc|iPhone.ActiveCfg = Release|iPhone
		{74EE0C82-6D22-439F-9060-27AFBD88E23B}.Ad-Hoc|iPhone.Build.0 = Release|iPhone
		{74EE0C82-6D22-439F-9060-27AFBD88E23B}.Ad-Hoc|iPhoneSimulator.ActiveCfg = Release|iPhoneSimulator
		{74EE0C82-6D22-439F-9060-27AFBD88E23B}.Ad-Hoc|iPhoneSimulator.Build.0 = Release|iPhoneSimulator
		{74EE0C82-6D22-439F-9060-27AFBD88E23B}.Ad-Hoc|x64.ActiveCfg = Release|iPhone
		{74EE0C82-6D22-439F-9060-27AFBD88E23B}.Ad-Hoc|x64.Build.0 = Release|iPhone
		{74EE0C82-6D22-439F-9060-27AFBD88E23B}.Ad-Hoc|x86.ActiveCfg = Release|iPhone
		{74EE0C82-6D22-439F-9060-27AFBD88E23B}.Ad-Hoc|x86.Build.0 = Release|iPhone
		{74EE0C82-6D22-439F-9060-27AFBD88E23B}.AppStore|Any CPU.ActiveCfg = Release|iPhone
		{74EE0C82-6D22-439F-9060-27AFBD88E23B}.AppStore|Any CPU.Build.0 = Release|iPhone
		{74EE0C82-6D22-439F-9060-27AFBD88E23B}.AppStore|ARM.ActiveCfg = Release|iPhone
		{74EE0C82-6D22-439F-9060-27AFBD88E23B}.AppStore|ARM.Build.0 = Release|iPhone
		{74EE0C82-6D22-439F-9060-27AFBD88E23B}.AppStore|iPhone.ActiveCfg = Release|iPhone
		{74EE0C82-6D22-439F-9060-27AFBD88E23B}.AppStore|iPhone.Build.0 = Release|iPhone
		{74EE0C82-6D22-439F-9060-27AFBD88E23B}.AppStore|iPhoneSimulator.ActiveCfg = Release|iPhoneSimulator
		{74EE0C82-6D22-439F-9060-27AFBD88E23B}.AppStore|iPhoneSimulator.Build.0 = Release|iPhoneSimulator
		{74EE0C82-6D22-439F-9060-27AFBD88E23B}.AppStore|x64.ActiveCfg = Release|iPhone
		{74EE0C82-6D22-439F-9060-27AFBD88E23B}.AppStore|x64.Build.0 = Release|iPhone
		{74EE0C82-6D22-439F-9060-27AFBD88E23B}.AppStore|x86.ActiveCfg = Release|iPhone
		{74EE0C82-6D22-439F-9060-27AFBD88E23B}.AppStore|x86.Build.0 = Release|iPhone
		{74EE0C82-6D22-439F-9060-27AFBD88E23B}.Debug|Any CPU.ActiveCfg = Debug|iPhoneSimulator
		{74EE0C82-6D22-439F-9060-27AFBD88E23B}.Debug|ARM.ActiveCfg = Debug|iPhoneSimulator
		{74EE0C82-6D22-439F-9060-27AFBD88E23B}.Debug|iPhone.ActiveCfg = Debug|iPhone
		{74EE0C82-6D22-439F-9060-27AFBD88E23B}.Debug|iPhone.Build.0 = Debug|iPhone
		{74EE0C82-6D22-439F-9060-27AFBD88E23B}.Debug|iPhoneSimulator.ActiveCfg = Debug|iPhoneSimulator
		{74EE0C82-6D22-439F-9060-27AFBD88E23B}.Debug|iPhoneSimulator.Build.0 = Debug|iPhoneSimulator
		{74EE0C82-6D22-439F-9060-27AFBD88E23B}.Debug|x64.ActiveCfg = Debug|iPhoneSimulator
		{74EE0C82-6D22-439F-9060-27AFBD88E23B}.Debug|x86.ActiveCfg = Debug|iPhoneSimulator
		{74EE0C82-6D22-439F-9060-27AFBD88E23B}.Release|Any CPU.ActiveCfg = Release|iPhoneSimulator
		{74EE0C82-6D22-439F-9060-27AFBD88E23B}.Release|ARM.ActiveCfg = Release|iPhoneSimulator
		{74EE0C82-6D22-439F-9060-27AFBD88E23B}.Release|iPhone.ActiveCfg = Release|iPhone
		{74EE0C82-6D22-439F-9060-27AFBD88E23B}.Release|iPhone.Build.0 = Release|iPhone
		{74EE0C82-6D22-439F-9060-27AFBD88E23B}.Release|iPhoneSimulator.ActiveCfg = Release|iPhoneSimulator
		{74EE0C82-6D22-439F-9060-27AFBD88E23B}.Release|iPhoneSimulator.Build.0 = Release|iPhoneSimulator
		{74EE0C82-6D22-439F-9060-27AFBD88E23B}.Release|x64.ActiveCfg = Release|iPhoneSimulator
		{74EE0C82-6D22-439F-9060-27AFBD88E23B}.Release|x86.ActiveCfg = Release|iPhoneSimulator
		{6BEF9E33-BA27-4CCB-BD3D-A9C71D0C58F2}.Ad-Hoc|Any CPU.ActiveCfg = Release|Any CPU
		{6BEF9E33-BA27-4CCB-BD3D-A9C71D0C58F2}.Ad-Hoc|Any CPU.Build.0 = Release|Any CPU
		{6BEF9E33-BA27-4CCB-BD3D-A9C71D0C58F2}.Ad-Hoc|ARM.ActiveCfg = Release|Any CPU
		{6BEF9E33-BA27-4CCB-BD3D-A9C71D0C58F2}.Ad-Hoc|ARM.Build.0 = Release|Any CPU
		{6BEF9E33-BA27-4CCB-BD3D-A9C71D0C58F2}.Ad-Hoc|iPhone.ActiveCfg = Release|Any CPU
		{6BEF9E33-BA27-4CCB-BD3D-A9C71D0C58F2}.Ad-Hoc|iPhone.Build.0 = Release|Any CPU
		{6BEF9E33-BA27-4CCB-BD3D-A9C71D0C58F2}.Ad-Hoc|iPhoneSimulator.ActiveCfg = Release|Any CPU
		{6BEF9E33-BA27-4CCB-BD3D-A9C71D0C58F2}.Ad-Hoc|iPhoneSimulator.Build.0 = Release|Any CPU
		{6BEF9E33-BA27-4CCB-BD3D-A9C71D0C58F2}.Ad-Hoc|x64.ActiveCfg = Release|Any CPU
		{6BEF9E33-BA27-4CCB-BD3D-A9C71D0C58F2}.Ad-Hoc|x64.Build.0 = Release|Any CPU
		{6BEF9E33-BA27-4CCB-BD3D-A9C71D0C58F2}.Ad-Hoc|x86.ActiveCfg = Release|Any CPU
		{6BEF9E33-BA27-4CCB-BD3D-A9C71D0C58F2}.Ad-Hoc|x86.Build.0 = Release|Any CPU
		{6BEF9E33-BA27-4CCB-BD3D-A9C71D0C58F2}.AppStore|Any CPU.ActiveCfg = Release|Any CPU
		{6BEF9E33-BA27-4CCB-BD3D-A9C71D0C58F2}.AppStore|Any CPU.Build.0 = Release|Any CPU
		{6BEF9E33-BA27-4CCB-BD3D-A9C71D0C58F2}.AppStore|ARM.ActiveCfg = Release|Any CPU
		{6BEF9E33-BA27-4CCB-BD3D-A9C71D0C58F2}.AppStore|ARM.Build.0 = Release|Any CPU
		{6BEF9E33-BA27-4CCB-BD3D-A9C71D0C58F2}.AppStore|iPhone.ActiveCfg = Release|Any CPU
		{6BEF9E33-BA27-4CCB-BD3D-A9C71D0C58F2}.AppStore|iPhone.Build.0 = Release|Any CPU
		{6BEF9E33-BA27-4CCB-BD3D-A9C71D0C58F2}.AppStore|iPhoneSimulator.ActiveCfg = Release|Any CPU
		{6BEF9E33-BA27-4CCB-BD3D-A9C71D0C58F2}.AppStore|iPhoneSimulator.Build.0 = Release|Any CPU
		{6BEF9E33-BA27-4CCB-BD3D-A9C71D0C58F2}.AppStore|x64.ActiveCfg = Release|Any CPU
		{6BEF9E33-BA27-4CCB-BD3D-A9C71D0C58F2}.AppStore|x64.Build.0 = Release|Any CPU
		{6BEF9E33-BA27-4CCB-BD3D-A9C71D0C58F2}.AppStore|x86.ActiveCfg = Release|Any CPU
		{6BEF9E33-BA27-4CCB-BD3D-A9C71D0C58F2}.AppStore|x86.Build.0 = Release|Any CPU
		{6BEF9E33-BA27-4CCB-BD3D-A9C71D0C58F2}.Debug|Any CPU.ActiveCfg = Debug|Any CPU
		{6BEF9E33-BA27-4CCB-BD3D-A9C71D0C58F2}.Debug|Any CPU.Build.0 = Debug|Any CPU
		{6BEF9E33-BA27-4CCB-BD3D-A9C71D0C58F2}.Debug|ARM.ActiveCfg = Debug|Any CPU
		{6BEF9E33-BA27-4CCB-BD3D-A9C71D0C58F2}.Debug|ARM.Build.0 = Debug|Any CPU
		{6BEF9E33-BA27-4CCB-BD3D-A9C71D0C58F2}.Debug|iPhone.ActiveCfg = Debug|Any CPU
		{6BEF9E33-BA27-4CCB-BD3D-A9C71D0C58F2}.Debug|iPhone.Build.0 = Debug|Any CPU
		{6BEF9E33-BA27-4CCB-BD3D-A9C71D0C58F2}.Debug|iPhoneSimulator.ActiveCfg = Debug|Any CPU
		{6BEF9E33-BA27-4CCB-BD3D-A9C71D0C58F2}.Debug|iPhoneSimulator.Build.0 = Debug|Any CPU
		{6BEF9E33-BA27-4CCB-BD3D-A9C71D0C58F2}.Debug|x64.ActiveCfg = Debug|Any CPU
		{6BEF9E33-BA27-4CCB-BD3D-A9C71D0C58F2}.Debug|x64.Build.0 = Debug|Any CPU
		{6BEF9E33-BA27-4CCB-BD3D-A9C71D0C58F2}.Debug|x86.ActiveCfg = Debug|Any CPU
		{6BEF9E33-BA27-4CCB-BD3D-A9C71D0C58F2}.Debug|x86.Build.0 = Debug|Any CPU
		{6BEF9E33-BA27-4CCB-BD3D-A9C71D0C58F2}.Release|Any CPU.ActiveCfg = Release|Any CPU
		{6BEF9E33-BA27-4CCB-BD3D-A9C71D0C58F2}.Release|Any CPU.Build.0 = Release|Any CPU
		{6BEF9E33-BA27-4CCB-BD3D-A9C71D0C58F2}.Release|ARM.ActiveCfg = Release|Any CPU
		{6BEF9E33-BA27-4CCB-BD3D-A9C71D0C58F2}.Release|ARM.Build.0 = Release|Any CPU
		{6BEF9E33-BA27-4CCB-BD3D-A9C71D0C58F2}.Release|iPhone.ActiveCfg = Release|Any CPU
		{6BEF9E33-BA27-4CCB-BD3D-A9C71D0C58F2}.Release|iPhone.Build.0 = Release|Any CPU
		{6BEF9E33-BA27-4CCB-BD3D-A9C71D0C58F2}.Release|iPhoneSimulator.ActiveCfg = Release|Any CPU
		{6BEF9E33-BA27-4CCB-BD3D-A9C71D0C58F2}.Release|iPhoneSimulator.Build.0 = Release|Any CPU
		{6BEF9E33-BA27-4CCB-BD3D-A9C71D0C58F2}.Release|x64.ActiveCfg = Release|Any CPU
		{6BEF9E33-BA27-4CCB-BD3D-A9C71D0C58F2}.Release|x64.Build.0 = Release|Any CPU
		{6BEF9E33-BA27-4CCB-BD3D-A9C71D0C58F2}.Release|x86.ActiveCfg = Release|Any CPU
		{6BEF9E33-BA27-4CCB-BD3D-A9C71D0C58F2}.Release|x86.Build.0 = Release|Any CPU
	EndGlobalSection
	GlobalSection(SolutionProperties) = preSolution
		HideSolutionNode = FALSE
	EndGlobalSection
	GlobalSection(ExtensibilityGlobals) = postSolution
		SolutionGuid = {D17D7895-8C05-456C-A59A-23E4FB1446B4}
	EndGlobalSection
	GlobalSection(TeamFoundationVersionControl) = preSolution
		SccNumberOfProjects = 9
		SccEnterpriseProvider = {4CA58AB2-18FA-4F8D-95D4-32DDF27D184C}
		SccTeamFoundationServer = https://azure.bedol.la/pichancha
		SccLocalPath0 = .
		SccProjectUniqueName1 = Parkner.Api\\Parkner.Api.csproj
		SccProjectName1 = Parkner.Api
		SccLocalPath1 = Parkner.Api
		SccProjectUniqueName2 = Parkner.Core\\Parkner.Core.csproj
		SccProjectName2 = Parkner.Core
		SccLocalPath2 = Parkner.Core
		SccProjectUniqueName3 = Parkner.Data\\Parkner.Data.csproj
		SccProjectName3 = Parkner.Data
		SccLocalPath3 = Parkner.Data
		SccProjectUniqueName4 = Parkner.Web\\Parkner.Web.csproj
		SccProjectName4 = Parkner.Web
		SccLocalPath4 = Parkner.Web
		SccProjectUniqueName5 = Parkner.Mobile\\Parkner.Mobile.UWP\\Parkner.Mobile.UWP.csproj
		SccProjectName5 = Parkner.Mobile/Parkner.Mobile.UWP
		SccLocalPath5 = Parkner.Mobile\\Parkner.Mobile.UWP
		SccProjectUniqueName6 = Parkner.Mobile\\Parkner.Mobile.Android\\Parkner.Mobile.Android.csproj
		SccProjectName6 = Parkner.Mobile/Parkner.Mobile.Android
		SccLocalPath6 = Parkner.Mobile\\Parkner.Mobile.Android
		SccProjectUniqueName7 = Parkner.Mobile\\Parkner.Mobile.iOS\\Parkner.Mobile.iOS.csproj
		SccProjectName7 = Parkner.Mobile/Parkner.Mobile.iOS
		SccLocalPath7 = Parkner.Mobile\\Parkner.Mobile.iOS
		SccProjectUniqueName8 = Parkner.Mobile\\Parkner.Mobile\\Parkner.Mobile.csproj
		SccProjectName8 = Parkner.Mobile/Parkner.Mobile
		SccLocalPath8 = Parkner.Mobile\\Parkner.Mobile
	EndGlobalSection
EndGlobal
